
Microsoft Visual Studio Solution File, Format Version 12.00
# Visual Studio Version 17
VisualStudioVersion = 17.7.34221.43
MinimumVisualStudioVersion = 10.0.40219.1
Project("{9A19103F-16F7-4668-BE54-9A1E7A4F7556}") = "Safit.API", "Safit.API\Safit.API.csproj", "{3AC5DA3E-65C8-4C8E-893E-7E84AE994494}"
EndProject
Project("{2150E333-8FDC-42A3-9474-1A3956D46DE8}") = "application", "application", "{AC3B146F-2F16-4486-9F46-B6F87D730DC1}"
EndProject
Project("{2150E333-8FDC-42A3-9474-1A3956D46DE8}") = "core", "core", "{5DEDD28D-6A41-4A97-B3EA-5D68833594FB}"
EndProject
Project("{9A19103F-16F7-4668-BE54-9A1E7A4F7556}") = "Safit.Core.Domain", "Safit.Core.Domain\Safit.Core.Domain.csproj", "{1BEADF61-13AC-416A-B658-D23CDB02516E}"
EndProject
Project("{9A19103F-16F7-4668-BE54-9A1E7A4F7556}") = "Safit.Core.DataAccess", "Safit.Core.DataAccess\Safit.Core.DataAccess.csproj", "{158184AB-1F9A-443C-9FA6-D019A3782394}"
EndProject
Project("{2150E333-8FDC-42A3-9474-1A3956D46DE8}") = "services", "services", "{91B25648-8978-434B-96FD-B26AB5E6D165}"
EndProject
Project("{9A19103F-16F7-4668-BE54-9A1E7A4F7556}") = "Safit.Core.Services.Authentification", "Safit.Core.Services.Authentification\Safit.Core.Services.Authentification.csproj", "{47379081-D493-482C-A840-FEA3EC1A7A75}"
EndProject
Project("{9A19103F-16F7-4668-BE54-9A1E7A4F7556}") = "Safit.Core.Services.Authorization", "Safit.Core.Services.Authorisation\Safit.Core.Services.Authorization.csproj", "{AB879BEE-CBFA-4E73-B837-6AD523788DC9}"
EndProject
Project("{FAE04EC0-301F-11D3-BF4B-00C04F79EFBC}") = "Safit.Core.Services.ProfileManagement", "Safit.Core.Services.ProfileManagement\Safit.Core.Services.ProfileManagement.csproj", "{5D7EC592-06A6-4D53-8210-3E026C6FA019}"
EndProject
Project("{FAE04EC0-301F-11D3-BF4B-00C04F79EFBC}") = "Safit.Core.Services.Shopping", "Safit.Core.Services.Shopping\Safit.Core.Services.Shopping.csproj", "{9DAA70BD-C317-4827-882C-B69A4827831A}"
EndProject
Project("{FAE04EC0-301F-11D3-BF4B-00C04F79EFBC}") = "Safit.Core.Services.ContentManagement", "Safit.Core.Services.ContentManagement\Safit.Core.Services.ContentManagement.csproj", "{ED148197-2E55-42DB-9EBC-D8C173ACCF97}"
EndProject
Global
	GlobalSection(SolutionConfigurationPlatforms) = preSolution
		Debug|Any CPU = Debug|Any CPU
		Release|Any CPU = Release|Any CPU
	EndGlobalSection
	GlobalSection(ProjectConfigurationPlatforms) = postSolution
		{3AC5DA3E-65C8-4C8E-893E-7E84AE994494}.Debug|Any CPU.ActiveCfg = Debug|Any CPU
		{3AC5DA3E-65C8-4C8E-893E-7E84AE994494}.Debug|Any CPU.Build.0 = Debug|Any CPU
		{3AC5DA3E-65C8-4C8E-893E-7E84AE994494}.Release|Any CPU.ActiveCfg = Release|Any CPU
		{3AC5DA3E-65C8-4C8E-893E-7E84AE994494}.Release|Any CPU.Build.0 = Release|Any CPU
		{1BEADF61-13AC-416A-B658-D23CDB02516E}.Debug|Any CPU.ActiveCfg = Debug|Any CPU
		{1BEADF61-13AC-416A-B658-D23CDB02516E}.Debug|Any CPU.Build.0 = Debug|Any CPU
		{1BEADF61-13AC-416A-B658-D23CDB02516E}.Release|Any CPU.ActiveCfg = Release|Any CPU
		{1BEADF61-13AC-416A-B658-D23CDB02516E}.Release|Any CPU.Build.0 = Release|Any CPU
		{158184AB-1F9A-443C-9FA6-D019A3782394}.Debug|Any CPU.ActiveCfg = Debug|Any CPU
		{158184AB-1F9A-443C-9FA6-D019A3782394}.Debug|Any CPU.Build.0 = Debug|Any CPU
		{158184AB-1F9A-443C-9FA6-D019A3782394}.Release|Any CPU.ActiveCfg = Release|Any CPU
		{158184AB-1F9A-443C-9FA6-D019A3782394}.Release|Any CPU.Build.0 = Release|Any CPU
		{47379081-D493-482C-A840-FEA3EC1A7A75}.Debug|Any CPU.ActiveCfg = Debug|Any CPU
		{47379081-D493-482C-A840-FEA3EC1A7A75}.Debug|Any CPU.Build.0 = Debug|Any CPU
		{47379081-D493-482C-A840-FEA3EC1A7A75}.Release|Any CPU.ActiveCfg = Release|Any CPU
		{47379081-D493-482C-A840-FEA3EC1A7A75}.Release|Any CPU.Build.0 = Release|Any CPU
		{AB879BEE-CBFA-4E73-B837-6AD523788DC9}.Debug|Any CPU.ActiveCfg = Debug|Any CPU
		{AB879BEE-CBFA-4E73-B837-6AD523788DC9}.Debug|Any CPU.Build.0 = Debug|Any CPU
		{AB879BEE-CBFA-4E73-B837-6AD523788DC9}.Release|Any CPU.ActiveCfg = Release|Any CPU
		{AB879BEE-CBFA-4E73-B837-6AD523788DC9}.Release|Any CPU.Build.0 = Release|Any CPU
		{5D7EC592-06A6-4D53-8210-3E026C6FA019}.Debug|Any CPU.ActiveCfg = Debug|Any CPU
		{5D7EC592-06A6-4D53-8210-3E026C6FA019}.Debug|Any CPU.Build.0 = Debug|Any CPU
		{5D7EC592-06A6-4D53-8210-3E026C6FA019}.Release|Any CPU.ActiveCfg = Release|Any CPU
		{5D7EC592-06A6-4D53-8210-3E026C6FA019}.Release|Any CPU.Build.0 = Release|Any CPU
		{9DAA70BD-C317-4827-882C-B69A4827831A}.Debug|Any CPU.ActiveCfg = Debug|Any CPU
		{9DAA70BD-C317-4827-882C-B69A4827831A}.Debug|Any CPU.Build.0 = Debug|Any CPU
		{9DAA70BD-C317-4827-882C-B69A4827831A}.Release|Any CPU.ActiveCfg = Release|Any CPU
		{9DAA70BD-C317-4827-882C-B69A4827831A}.Release|Any CPU.Build.0 = Release|Any CPU
		{ED148197-2E55-42DB-9EBC-D8C173ACCF97}.Debug|Any CPU.ActiveCfg = Debug|Any CPU
		{ED148197-2E55-42DB-9EBC-D8C173ACCF97}.Debug|Any CPU.Build.0 = Debug|Any CPU
		{ED148197-2E55-42DB-9EBC-D8C173ACCF97}.Release|Any CPU.ActiveCfg = Release|Any CPU
		{ED148197-2E55-42DB-9EBC-D8C173ACCF97}.Release|Any CPU.Build.0 = Release|Any CPU
	EndGlobalSection
	GlobalSection(SolutionProperties) = preSolution
		HideSolutionNode = FALSE
	EndGlobalSection
	GlobalSection(NestedProjects) = preSolution
		{3AC5DA3E-65C8-4C8E-893E-7E84AE994494} = {AC3B146F-2F16-4486-9F46-B6F87D730DC1}
		{1BEADF61-13AC-416A-B658-D23CDB02516E} = {5DEDD28D-6A41-4A97-B3EA-5D68833594FB}
		{158184AB-1F9A-443C-9FA6-D019A3782394} = {5DEDD28D-6A41-4A97-B3EA-5D68833594FB}
		{91B25648-8978-434B-96FD-B26AB5E6D165} = {5DEDD28D-6A41-4A97-B3EA-5D68833594FB}
		{47379081-D493-482C-A840-FEA3EC1A7A75} = {91B25648-8978-434B-96FD-B26AB5E6D165}
		{AB879BEE-CBFA-4E73-B837-6AD523788DC9} = {91B25648-8978-434B-96FD-B26AB5E6D165}
		{5D7EC592-06A6-4D53-8210-3E026C6FA019} = {91B25648-8978-434B-96FD-B26AB5E6D165}
		{9DAA70BD-C317-4827-882C-B69A4827831A} = {91B25648-8978-434B-96FD-B26AB5E6D165}
		{ED148197-2E55-42DB-9EBC-D8C173ACCF97} = {91B25648-8978-434B-96FD-B26AB5E6D165}
	EndGlobalSection
	GlobalSection(ExtensibilityGlobals) = postSolution
		SolutionGuid = {AC33E462-79EF-4CC8-8354-343CC1918321}
	EndGlobalSection
EndGlobal
